
Microsoft Visual Studio Solution File, Format Version 12.00
# Visual Studio Version 17
VisualStudioVersion = 17.8.34309.116
MinimumVisualStudioVersion = 10.0.40219.1
Project("{FAE04EC0-301F-11D3-BF4B-00C04F79EFBC}") = "LearningArrays", "LearningArrays\LearningArrays.csproj", "{AF1FB408-E92D-4D17-B518-E8CE816C6199}"
EndProject
Global
	GlobalSection(SolutionConfigurationPlatforms) = preSolution
		Debug|Any CPU = Debug|Any CPU
		Release|Any CPU = Release|Any CPU
	EndGlobalSection
	GlobalSection(ProjectConfigurationPlatforms) = postSolution
		{AF1FB408-E92D-4D17-B518-E8CE816C6199}.Debug|Any CPU.ActiveCfg = Debug|Any CPU
		{AF1FB408-E92D-4D17-B518-E8CE816C6199}.Debug|Any CPU.Build.0 = Debug|Any CPU
		{AF1FB408-E92D-4D17-B518-E8CE816C6199}.Release|Any CPU.ActiveCfg = Release|Any CPU
		{AF1FB408-E92D-4D17-B518-E8CE816C6199}.Release|Any CPU.Build.0 = Release|Any CPU
	EndGlobalSection
	GlobalSection(SolutionProperties) = preSolution
		HideSolutionNode = FALSE
	EndGlobalSection
	GlobalSection(ExtensibilityGlobals) = postSolution
		SolutionGuid = {7981A156-F5DA-46EC-81F4-1C5A5A7C5CF1}
	EndGlobalSection
EndGlobal
